PODS:
  - Segmentio (2.0)
  - SideMenu (2.0.2)
  - ValueStepper (1.0)

DEPENDENCIES:
  - Segmentio (from `../`)
  - SideMenu
  - ValueStepper

EXTERNAL SOURCES:
  Segmentio:
    :path: ../

SPEC CHECKSUMS:
  Segmentio: 3f55a720e214e6d5ec1b205663228691bc3bb043
  SideMenu: f22ea9330f09810cc6c3ebd6e3be27bacb91ab11
  ValueStepper: a1a275491e3a1ab6fe80a589ce04781d4a795fb3

PODFILE CHECKSUM: 7bae139b874dc3d8a9b4e49eb218a8d24cdc67f7

COCOAPODS: 1.1.1
